{
  "originHash" : "365aae255173293a0fe8ed9ec0eeebe404ce65e67ff9c064ae957dd2b8b397d3",
  "pins" : [
    {
      "identity" : "spm-libgit2",
      "kind" : "remoteSourceControl",
      "location" : "https://github.com/amine2233/spm-libgit2",
      "state" : {
        "revision" : "165a0c369c7a08d0ec40ad3c0a08c9279b2b08cb",
        "version" : "1.9.7"
      }
    }
  ],
  "version" : 3
}
